# THIS IS AN AUTOGENERATED FILE. DO NOT EDIT THIS FILE DIRECTLY.
# yarn lockfile v1


node-git-server@^1.0.0-beta.30:
  version "1.0.0-beta.30"
  resolved "https://registry.npmmirror.com/node-git-server/-/node-git-server-1.0.0-beta.30.tgz#a40bbaf10d76e3d2304284dd240871ae1a2fe6ac"
  integrity sha512-nJ9KoGJ44RdCImRCZzxDEdVZZDPY+tkdUJwaWDGU586oPDbpkeosuT718q2jgqNEBcTr4ADfn+fW8dM72PldqQ==
  dependencies:
    through "^2.3.8"

through@^2.3.8:
  version "2.3.8"
  resolved "https://registry.npmmirror.com/through/-/through-2.3.8.tgz#0dd4c9ffaabc357960b1b724115d7e0e86a2e1f5"
  integrity sha512-w89qg7PI8wAdvX60bMDP+bFoD5Dvhm9oLheFp5O4a2QF0cSBGsBX4qZmadPMvVqlLJBBci+WqGGOAPvcDeNSVg==
